
Microsoft Visual Studio Solution File, Format Version 12.00
# Visual Studio Version 17
VisualStudioVersion = 17.11.35222.181
MinimumVisualStudioVersion = 10.0.40219.1
Project("{FAE04EC0-301F-11D3-BF4B-00C04F79EFBC}") = "ApiElda", "ApiElda\ApiElda.csproj", "{48E8DC69-5D8B-4BD2-B4A3-D0AE28198604}"
EndProject
Global
	GlobalSection(SolutionConfigurationPlatforms) = preSolution
		Debug|Any CPU = Debug|Any CPU
		Release|Any CPU = Release|Any CPU
	EndGlobalSection
	GlobalSection(ProjectConfigurationPlatforms) = postSolution
		{48E8DC69-5D8B-4BD2-B4A3-D0AE28198604}.Debug|Any CPU.ActiveCfg = Debug|Any CPU
		{48E8DC69-5D8B-4BD2-B4A3-D0AE28198604}.Debug|Any CPU.Build.0 = Debug|Any CPU
		{48E8DC69-5D8B-4BD2-B4A3-D0AE28198604}.Release|Any CPU.ActiveCfg = Release|Any CPU
		{48E8DC69-5D8B-4BD2-B4A3-D0AE28198604}.Release|Any CPU.Build.0 = Release|Any CPU
	EndGlobalSection
	GlobalSection(SolutionProperties) = preSolution
		HideSolutionNode = FALSE
	EndGlobalSection
	GlobalSection(ExtensibilityGlobals) = postSolution
		SolutionGuid = {336CEE42-8B76-4AFF-982C-DE7490EE1419}
	EndGlobalSection
EndGlobal
